// !$*UTF8*$!
{
	archiveVersion = 1;
	classes = {
	};
	objectVersion = 46;
	objects = {

/* Begin PBXBuildFile section */
		425959241DA2DD8F00A181C2 /* AppDelegate.swift in Sources */ = {isa = PBXBuildFile; fileRef = 425959231DA2DD8F00A181C2 /* AppDelegate.swift */; };
		425959261DA2DD8F00A181C2 /* ViewController.swift in Sources */ = {isa = PBXBuildFile; fileRef = 425959251DA2DD8F00A181C2 /* ViewController.swift */; };
		425959291DA2DD8F00A181C2 /* Main.storyboard in Resources */ = {isa = PBXBuildFile; fileRef = 425959271DA2DD8F00A181C2 /* Main.storyboard */; };
		4259592B1DA2DD8F00A181C2 /* Assets.xcassets in Resources */ = {isa = PBXBuildFile; fileRef = 4259592A1DA2DD8F00A181C2 /* Assets.xcassets */; };
		4259592E1DA2DD8F00A181C2 /* LaunchScreen.storyboard in Resources */ = {isa = PBXBuildFile; fileRef = 4259592C1DA2DD8F00A181C2 /* LaunchScreen.storyboard */; };
		425959391DA2DDED00A181C2 /* cancion1.m4a in Resources */ = {isa = PBXBuildFile; fileRef = 425959361DA2DDED00A181C2 /* cancion1.m4a */; };
		4259593A1DA2DDED00A181C2 /* cancion2.m4a in Resources */ = {isa = PBXBuildFile; fileRef = 425959371DA2DDED00A181C2 /* cancion2.m4a */; };
		4259593B1DA2DDED00A181C2 /* cancion3.m4a in Resources */ = {isa = PBXBuildFile; fileRef = 425959381DA2DDED00A181C2 /* cancion3.m4a */; };
/* End PBXBuildFile section */

/* Begin PBXFileReference section */
		425959201DA2DD8F00A181C2 /* ReproductorAudio.app */ = {isa = PBXFileReference; explicitFileType = wrapper.application; includeInIndex = 0; path = ReproductorAudio.app; sourceTree = BUILT_PRODUCTS_DIR; };
		425959231DA2DD8F00A181C2 /* AppDelegate.swift */ = {isa = PBXFileReference; lastKnownFileType = sourcecode.swift; path = AppDelegate.swift; sourceTree = "<group>"; };
		425959251DA2DD8F00A181C2 /* ViewController.swift */ = {isa = PBXFileReference; lastKnownFileType = sourcecode.swift; path = ViewController.swift; sourceTree = "<group>"; };
		425959281DA2DD8F00A181C2 /* Base */ = {isa = PBXFileReference; lastKnownFileType = file.storyboard; name = Base; path = Base.lproj/Main.storyboard; sourceTree = "<group>"; };
		4259592A1DA2DD8F00A181C2 /* Assets.xcassets */ = {isa = PBXFileReference; lastKnownFileType = folder.assetcatalog; path = Assets.xcassets; sourceTree = "<group>"; };
		4259592D1DA2DD8F00A181C2 /* Base */ = {isa = PBXFileReference; lastKnownFileType = file.storyboard; name = Base; path = Base.lproj/LaunchScreen.storyboard; sourceTree = "<group>"; };
		4259592F1DA2DD8F00A181C2 /* Info.plist */ = {isa = PBXFileReference; lastKnownFileType = text.plist.xml; path = Info.plist; sourceTree = "<group>"; };
		425959361DA2DDED00A181C2 /* cancion1.m4a */ = {isa = PBXFileReference; lastKnownFileType = file; path = cancion1.m4a; sourceTree = "<group>"; };
		425959371DA2DDED00A181C2 /* cancion2.m4a */ = {isa = PBXFileReference; lastKnownFileType = file; path = cancion2.m4a; sourceTree = "<group>"; };
		425959381DA2DDED00A181C2 /* cancion3.m4a */ = {isa = PBXFileReference; lastKnownFileType = file; path = cancion3.m4a; sourceTree = "<group>"; };
/* End PBXFileReference section */

/* Begin PBXFrameworksBuildPhase section */
		4259591D1DA2DD8F00A181C2 /* Frameworks */ = {
			isa = PBXFrameworksBuildPhase;
			buildActionMask = 2147483647;
			files = (
			);
			runOnlyForDeploymentPostprocessing = 0;
		};
/* End PBXFrameworksBuildPhase section */

/* Begin PBXGroup section */
		425959171DA2DD8F00A181C2 = {
			isa = PBXGroup;
			children = (
				425959221DA2DD8F00A181C2 /* ReproductorAudio */,
				425959211DA2DD8F00A181C2 /* Products */,
			);
			sourceTree = "<group>";
		};
		425959211DA2DD8F00A181C2 /* Products */ = {
			isa = PBXGroup;
			children = (
				425959201DA2DD8F00A181C2 /* ReproductorAudio.app */,
			);
			name = Products;
			sourceTree = "<group>";
		};
		425959221DA2DD8F00A181C2 /* ReproductorAudio */ = {
			isa = PBXGroup;
			children = (
				425959361DA2DDED00A181C2 /* cancion1.m4a */,
				425959371DA2DDED00A181C2 /* cancion2.m4a */,
				425959381DA2DDED00A181C2 /* cancion3.m4a */,
				425959231DA2DD8F00A181C2 /* AppDelegate.swift */,
				425959251DA2DD8F00A181C2 /* ViewController.swift */,
				425959271DA2DD8F00A181C2 /* Main.storyboard */,
				4259592A1DA2DD8F00A181C2 /* Assets.xcassets */,
				4259592C1DA2DD8F00A181C2 /* LaunchScreen.storyboard */,
				4259592F1DA2DD8F00A181C2 /* Info.plist */,
			);
			path = ReproductorAudio;
			sourceTree = "<group>";
		};
/* End PBXGroup section */

/* Begin PBXNativeTarget section */
		4259591F1DA2DD8F00A181C2 /* ReproductorAudio */ = {
			isa = PBXNativeTarget;
			buildConfigurationList = 425959321DA2DD8F00A181C2 /* Build configuration list for PBXNativeTarget "ReproductorAudio" */;
			buildPhases = (
				4259591C1DA2DD8F00A181C2 /* Sources */,
				4259591D1DA2DD8F00A181C2 /* Frameworks */,
				4259591E1DA2DD8F00A181C2 /* Resources */,
			);
			buildRules = (
			);
			dependencies = (
			);
			name = ReproductorAudio;
			productName = ReproductorAudio;
			productReference = 425959201DA2DD8F00A181C2 /* ReproductorAudio.app */;
			productType = "com.apple.product-type.application";
		};
/* End PBXNativeTarget section */

/* Begin PBXProject section */
		425959181DA2DD8F00A181C2 /* Project object */ = {
			isa = PBXProject;
			attributes = {
				LastSwiftUpdateCheck = 0800;
				LastUpgradeCheck = 0800;
				ORGANIZATIONNAME = "Universidad de Alicante";
				TargetAttributes = {
					4259591F1DA2DD8F00A181C2 = {
						CreatedOnToolsVersion = 8.0;
						DevelopmentTeam = H3WJA29555;
						ProvisioningStyle = Automatic;
					};
				};
			};
			buildConfigurationList = 4259591B1DA2DD8F00A181C2 /* Build configuration list for PBXProject "ReproductorAudio" */;
			compatibilityVersion = "Xcode 3.2";
			developmentRegion = English;
			hasScannedForEncodings = 0;
			knownRegions = (
				en,
				Base,
			);
			mainGroup = 425959171DA2DD8F00A181C2;
			productRefGroup = 425959211DA2DD8F00A181C2 /* Products */;
			projectDirPath = "";
			projectRoot = "";
			targets = (
				4259591F1DA2DD8F00A181C2 /* ReproductorAudio */,
			);
		};
/* End PBXProject section */

/* Begin PBXResourcesBuildPhase section */
		4259591E1DA2DD8F00A181C2 /* Resources */ = {
			isa = PBXResourcesBuildPhase;
			buildActionMask = 2147483647;
			files = (
				425959391DA2DDED00A181C2 /* cancion1.m4a in Resources */,
				4259592E1DA2DD8F00A181C2 /* LaunchScreen.storyboard in Resources */,
				4259593B1DA2DDED00A181C2 /* cancion3.m4a in Resources */,
				4259593A1DA2DDED00A181C2 /* cancion2.m4a in Resources */,
				4259592B1DA2DD8F00A181C2 /* Assets.xcassets in Resources */,
				425959291DA2DD8F00A181C2 /* Main.storyboard in Resources */,
			);
			runOnlyForDeploymentPostprocessing = 0;
		};
/* End PBXResourcesBuildPhase section */

/* Begin PBXSourcesBuildPhase section */
		4259591C1DA2DD8F00A181C2 /* Sources */ = {
			isa = PBXSourcesBuildPhase;
			buildActionMask = 2147483647;
			files = (
				425959261DA2DD8F00A181C2 /* ViewController.swift in Sources */,
				425959241DA2DD8F00A181C2 /* AppDelegate.swift in Sources */,
			);
			runOnlyForDeploymentPostprocessing = 0;
		};
/* End PBXSourcesBuildPhase section */

/* Begin PBXVariantGroup section */
		425959271DA2DD8F00A181C2 /* Main.storyboard */ = {
			isa = PBXVariantGroup;
			children = (
				425959281DA2DD8F00A181C2 /* Base */,
			);
			name = Main.storyboard;
			sourceTree = "<group>";
		};
		4259592C1DA2DD8F00A181C2 /* LaunchScreen.storyboard */ = {
			isa = PBXVariantGroup;
			children = (
				4259592D1DA2DD8F00A181C2 /* Base */,
			);
			name = LaunchScreen.storyboard;
			sourceTree = "<group>";
		};
/* End PBXVariantGroup section */

/* Begin XCBuildConfiguration section */
		425959301DA2DD8F00A181C2 /* Debug */ = {
			isa = XCBuildConfiguration;
			buildSettings = {
				ALWAYS_SEARCH_USER_PATHS = NO;
				CLANG_ANALYZER_NONNULL = YES;
				CLANG_CXX_LANGUAGE_STANDARD = "gnu++0x";
				CLANG_CXX_LIBRARY = "libc++";
				CLANG_ENABLE_MODULES = YES;
				CLANG_ENABLE_OBJC_ARC = YES;
				CLANG_WARN_BOOL_CONVERSION = YES;
				CLANG_WARN_CONSTANT_CONVERSION = YES;
				CLANG_WARN_DIRECT_OBJC_ISA_USAGE = YES_ERROR;
				CLANG_WARN_DOCUMENTATION_COMMENTS = YES;
				CLANG_WARN_EMPTY_BODY = YES;
				CLANG_WARN_ENUM_CONVERSION = YES;
				CLANG_WARN_INFINITE_RECURSION = YES;
				CLANG_WARN_INT_CONVERSION = YES;
				CLANG_WARN_OBJC_ROOT_CLASS = YES_ERROR;
				CLANG_WARN_SUSPICIOUS_MOVES = YES;
				CLANG_WARN_UNREACHABLE_CODE = YES;
				CLANG_WARN__DUPLICATE_METHOD_MATCH = YES;
				"CODE_SIGN_IDENTITY[sdk=iphoneos*]" = "iPhone Developer";
				COPY_PHASE_STRIP = NO;
				DEBUG_INFORMATION_FORMAT = dwarf;
				ENABLE_STRICT_OBJC_MSGSEND = YES;
				ENABLE_TESTABILITY = YES;
				GCC_C_LANGUAGE_STANDARD = gnu99;
				GCC_DYNAMIC_NO_PIC = NO;
				GCC_NO_COMMON_BLOCKS = YES;
				GCC_OPTIMIZATION_LEVEL = 0;
				GCC_PREPROCESSOR_DEFINITIONS = (
					"DEBUG=1",
					"$(inherited)",
				);
				GCC_WARN_64_TO_32_BIT_CONVERSION = YES;
				GCC_WARN_ABOUT_RETURN_TYPE = YES_ERROR;
				GCC_WARN_UNDECLARED_SELECTOR = YES;
				GCC_WARN_UNINITIALIZED_AUTOS = YES_AGGRESSIVE;
				GCC_WARN_UNUSED_FUNCTION = YES;
				GCC_WARN_UNUSED_VARIABLE = YES;
				IPHONEOS_DEPLOYMENT_TARGET = 10.0;
				MTL_ENABLE_DEBUG_INFO = YES;
				ONLY_ACTIVE_ARCH = YES;
				SDKROOT = iphoneos;
				SWIFT_ACTIVE_COMPILATION_CONDITIONS = DEBUG;
				SWIFT_OPTIMIZATION_LEVEL = "-Onone";
			};
			name = Debug;
		};
		425959311DA2DD8F00A181C2 /* Release */ = {
			isa = XCBuildConfiguration;
			buildSettings = {
				ALWAYS_SEARCH_USER_PATHS = NO;
				CLANG_ANALYZER_NONNULL = YES;
				CLANG_CXX_LANGUAGE_STANDARD = "gnu++0x";
				CLANG_CXX_LIBRARY = "libc++";
				CLANG_ENABLE_MODULES = YES;
				CLANG_ENABLE_OBJC_ARC = YES;
				CLANG_WARN_BOOL_CONVERSION = YES;
				CLANG_WARN_CONSTANT_CONVERSION = YES;
				CLANG_WARN_DIRECT_OBJC_ISA_USAGE = YES_ERROR;
				CLANG_WARN_DOCUMENTATION_COMMENTS = YES;
				CLANG_WARN_EMPTY_BODY = YES;
				CLANG_WARN_ENUM_CONVERSION = YES;
				CLANG_WARN_INFINITE_RECURSION = YES;
				CLANG_WARN_INT_CONVERSION = YES;
				CLANG_WARN_OBJC_ROOT_CLASS = YES_ERROR;
				CLANG_WARN_SUSPICIOUS_MOVES = YES;
				CLANG_WARN_UNREACHABLE_CODE = YES;
				CLANG_WARN__DUPLICATE_METHOD_MATCH = YES;
				"CODE_SIGN_IDENTITY[sdk=iphoneos*]" = "iPhone Developer";
				COPY_PHASE_STRIP = NO;
				DEBUG_INFORMATION_FORMAT = "dwarf-with-dsym";
				ENABLE_NS_ASSERTIONS = NO;
				ENABLE_STRICT_OBJC_MSGSEND = YES;
				GCC_C_LANGUAGE_STANDARD = gnu99;
				GCC_NO_COMMON_BLOCKS = YES;
				GCC_WARN_64_TO_32_BIT_CONVERSION = YES;
				GCC_WARN_ABOUT_RETURN_TYPE = YES_ERROR;
				GCC_WARN_UNDECLARED_SELECTOR = YES;
				GCC_WARN_UNINITIALIZED_AUTOS = YES_AGGRESSIVE;
				GCC_WARN_UNUSED_FUNCTION = YES;
				GCC_WARN_UNUSED_VARIABLE = YES;
				IPHONEOS_DEPLOYMENT_TARGET = 10.0;
				MTL_ENABLE_DEBUG_INFO = NO;
				SDKROOT = iphoneos;
				SWIFT_OPTIMIZATION_LEVEL = "-Owholemodule";
				VALIDATE_PRODUCT = YES;
			};
			name = Release;
		};
		425959331DA2DD8F00A181C2 /* Debug */ = {
			isa = XCBuildConfiguration;
			buildSettings = {
				ASSETCATALOG_COMPILER_APPICON_NAME = AppIcon;
				DEVELOPMENT_TEAM = H3WJA29555;
				INFOPLIST_FILE = ReproductorAudio/Info.plist;
				LD_RUNPATH_SEARCH_PATHS = "$(inherited) @executable_path/Frameworks";
				PRODUCT_BUNDLE_IDENTIFIER = es.ua.cae.ReproductorAudio;
				PRODUCT_NAME = "$(TARGET_NAME)";
				SWIFT_VERSION = 3.0;
			};
			name = Debug;
		};
		425959341DA2DD8F00A181C2 /* Release */ = {
			isa = XCBuildConfiguration;
			buildSettings = {
				ASSETCATALOG_COMPILER_APPICON_NAME = AppIcon;
				DEVELOPMENT_TEAM = H3WJA29555;
				INFOPLIST_FILE = ReproductorAudio/Info.plist;
				LD_RUNPATH_SEARCH_PATHS = "$(inherited) @executable_path/Frameworks";
				PRODUCT_BUNDLE_IDENTIFIER = es.ua.cae.ReproductorAudio;
				PRODUCT_NAME = "$(TARGET_NAME)";
				SWIFT_VERSION = 3.0;
			};
			name = Release;
		};
/* End XCBuildConfiguration section */

/* Begin XCConfigurationList section */
		4259591B1DA2DD8F00A181C2 /* Build configuration list for PBXProject "ReproductorAudio" */ = {
			isa = XCConfigurationList;
			buildConfigurations = (
				425959301DA2DD8F00A181C2 /* Debug */,
				425959311DA2DD8F00A181C2 /* Release */,
			);
			defaultConfigurationIsVisible = 0;
			defaultConfigurationName = Release;
		};
		425959321DA2DD8F00A181C2 /* Build configuration list for PBXNativeTarget "ReproductorAudio" */ = {
			isa = XCConfigurationList;
			buildConfigurations = (
				425959331DA2DD8F00A181C2 /* Debug */,
				425959341DA2DD8F00A181C2 /* Release */,
			);
			defaultConfigurationIsVisible = 0;
		};
/* End XCConfigurationList section */
	};
	rootObject = 425959181DA2DD8F00A181C2 /* Project object */;
}
